
Microsoft Visual Studio Solution File, Format Version 12.00
# Visual Studio Version 17
VisualStudioVersion = 17.11.35327.3
MinimumVisualStudioVersion = 10.0.40219.1
Project("{9A19103F-16F7-4668-BE54-9A1E7A4F7556}") = "AmbienteDeTestesHTML2PDF", "AmbienteDeTestesHTML2PDF.csproj", "{7AE15CAC-4FD3-4E30-89F7-13E8E3D733B4}"
EndProject
Project("{9A19103F-16F7-4668-BE54-9A1E7A4F7556}") = "HTML2PDF_v1", "..\Bibliotecas\HTML2PDF_v1\HTML2PDF_v1.csproj", "{633BBDA9-5467-49EA-9757-456EB93EAE42}"
EndProject
Global
	GlobalSection(SolutionConfigurationPlatforms) = preSolution
		Debug|Any CPU = Debug|Any CPU
		Release|Any CPU = Release|Any CPU
	EndGlobalSection
	GlobalSection(ProjectConfigurationPlatforms) = postSolution
		{7AE15CAC-4FD3-4E30-89F7-13E8E3D733B4}.Debug|Any CPU.ActiveCfg = Debug|Any CPU
		{7AE15CAC-4FD3-4E30-89F7-13E8E3D733B4}.Debug|Any CPU.Build.0 = Debug|Any CPU
		{7AE15CAC-4FD3-4E30-89F7-13E8E3D733B4}.Release|Any CPU.ActiveCfg = Release|Any CPU
		{7AE15CAC-4FD3-4E30-89F7-13E8E3D733B4}.Release|Any CPU.Build.0 = Release|Any CPU
		{633BBDA9-5467-49EA-9757-456EB93EAE42}.Debug|Any CPU.ActiveCfg = Debug|Any CPU
		{633BBDA9-5467-49EA-9757-456EB93EAE42}.Debug|Any CPU.Build.0 = Debug|Any CPU
		{633BBDA9-5467-49EA-9757-456EB93EAE42}.Release|Any CPU.ActiveCfg = Release|Any CPU
		{633BBDA9-5467-49EA-9757-456EB93EAE42}.Release|Any CPU.Build.0 = Release|Any CPU
	EndGlobalSection
	GlobalSection(SolutionProperties) = preSolution
		HideSolutionNode = FALSE
	EndGlobalSection
	GlobalSection(ExtensibilityGlobals) = postSolution
		SolutionGuid = {3A9B45A6-C765-4BC7-8783-BA3E8D556D6C}
	EndGlobalSection
EndGlobal
